{
	"name": "css-nesting-syntax-highlighting",
	"version": "1.0.0",
	"lockfileVersion": 3,
	"requires": true,
	"packages": {
		"": {
			"name": "css-nesting-syntax-highlighting",
			"version": "1.0.0",
			"devDependencies": {
				"cson": "^8.4.0"
			},
			"engines": {
				"vscode": "^1.84.0"
			}
		},
		"node_modules/coffeescript": {
			"version": "1.12.7",
			"resolved": "https://registry.npmjs.org/coffeescript/-/coffeescript-1.12.7.tgz",
			"integrity": "sha512-pLXHFxQMPklVoEekowk8b3erNynC+DVJzChxS/LCBBgR6/8AJkHivkm//zbowcfc7BTCAjryuhx6gPqPRfsFoA==",
			"dev": true,
			"license": "MIT",
			"bin": {
				"cake": "bin/cake",
				"coffee": "bin/coffee"
			},
			"engines": {
				"node": ">=0.8.0"
			}
		},
		"node_modules/cson": {
			"version": "8.4.0",
			"resolved": "https://registry.npmjs.org/cson/-/cson-8.4.0.tgz",
			"integrity": "sha512-QwXDbiJodA3DFEKA888zTED28EZo2JC7EK2K3qVsUVbE0oKQVRZ4K+Ch/I8QaTYPZ9Q0GXG1BFK5dtcxd6C3mg==",
			"dev": true,
			"license": "Artistic-2.0",
			"dependencies": {
				"cson-parser": "^4.0.9",
				"extract-opts": "^5.8.0",
				"requirefresh": "^5.13.0",
				"safefs": "^8.9.0"
			},
			"bin": {
				"cson": "bin.cjs",
				"cson2json": "bin.cjs",
				"json2cson": "bin.cjs"
			},
			"engines": {
				"node": ">=6"
			},
			"funding": {
				"url": "https://bevry.me/fund"
			}
		},
		"node_modules/cson-parser": {
			"version": "4.0.9",
			"resolved": "https://registry.npmjs.org/cson-parser/-/cson-parser-4.0.9.tgz",
			"integrity": "sha512-I79SAcCYquWnEfXYj8hBqOOWKj6eH6zX1hhX3yqmS4K3bYp7jME3UFpHPzu3rUew0oyfc0s8T6IlWGXRAheHag==",
			"dev": true,
			"license": "BSD-3-Clause",
			"dependencies": {
				"coffeescript": "1.12.7"
			},
			"engines": {
				"node": ">=10.13"
			}
		},
		"node_modules/eachr": {
			"version": "7.4.0",
			"resolved": "https://registry.npmjs.org/eachr/-/eachr-7.4.0.tgz",
			"integrity": "sha512-d6v/ERRrwxZ5oNHJz2Z5Oouge0Xc3rFxeaGNHjAhTDUCkLhy8t583ieH9/Qop1UNDTcZXOSEs8dqawmbHaEEkA==",
			"dev": true,
			"license": "Artistic-2.0",
			"dependencies": {
				"editions": "^6.21.0",
				"typechecker": "^9.3.0"
			},
			"engines": {
				"node": ">=4"
			},
			"funding": {
				"url": "https://bevry.me/fund"
			}
		},
		"node_modules/editions": {
			"version": "6.21.0",
			"resolved": "https://registry.npmjs.org/editions/-/editions-6.21.0.tgz",
			"integrity": "sha512-ofkXJtn7z0urokN62DI3SBo/5xAtF0rR7tn+S/bSYV79Ka8pTajIIl+fFQ1q88DQEImymmo97M4azY3WX/nUdg==",
			"dev": true,
			"license": "Artistic-2.0",
			"dependencies": {
				"version-range": "^4.13.0"
			},
			"engines": {
				"node": ">=4"
			},
			"funding": {
				"url": "https://bevry.me/fund"
			}
		},
		"node_modules/extract-opts": {
			"version": "5.9.0",
			"resolved": "https://registry.npmjs.org/extract-opts/-/extract-opts-5.9.0.tgz",
			"integrity": "sha512-UN5d1xtD3cQQNmE2OVsP5ij1dCDgpK5bmOxyMEXc8KaZ/YLCV0ge/RxBGG3fy7KVnxsjekwutzmzRVInQtaB4Q==",
			"dev": true,
			"license": "Artistic-2.0",
			"dependencies": {
				"eachr": "^7.4.0",
				"editions": "^6.21.0",
				"typechecker": "^9.3.0"
			},
			"engines": {
				"node": ">=4"
			},
			"funding": {
				"url": "https://bevry.me/fund"
			}
		},
		"node_modules/graceful-fs": {
			"version": "4.2.11",
			"resolved": "https://registry.npmjs.org/graceful-fs/-/graceful-fs-4.2.11.tgz",
			"integrity": "sha512-RbJ5/jmFcNNCcDV5o9eTnBLJ/HszWV0P73bc+Ff4nS/rJj+YaS6IGyiOL0VoBYX+l1Wrl3k63h/KrH+nhJ0XvQ==",
			"dev": true,
			"license": "ISC"
		},
		"node_modules/requirefresh": {
			"version": "5.13.0",
			"resolved": "https://registry.npmjs.org/requirefresh/-/requirefresh-5.13.0.tgz",
			"integrity": "sha512-v3BuU/AAKjDqgIig1xyekcBHtujCAghuFTOQ7YNAngEKtTksSS1vT9Abt1ilbmQFAD4ChHHGJ3JSNbqvEOIxkQ==",
			"dev": true,
			"license": "Artistic-2.0",
			"engines": {
				"node": ">=4"
			},
			"funding": {
				"url": "https://bevry.me/fund"
			}
		},
		"node_modules/safefs": {
			"version": "8.10.0",
			"resolved": "https://registry.npmjs.org/safefs/-/safefs-8.10.0.tgz",
			"integrity": "sha512-ZHnuws4iLc5vB6kxU/MpGEZO7Fz80zIEOJw6VgRAroa/PeJB/jcc2KEXxWA0Izpx+W728j398DxQRx1RU+KXIg==",
			"dev": true,
			"license": "Artistic-2.0",
			"dependencies": {
				"graceful-fs": "^4.2.11",
				"version-compare": "^3.10.0"
			},
			"engines": {
				"node": ">=4"
			},
			"funding": {
				"url": "https://bevry.me/fund"
			}
		},
		"node_modules/typechecker": {
			"version": "9.3.0",
			"resolved": "https://registry.npmjs.org/typechecker/-/typechecker-9.3.0.tgz",
			"integrity": "sha512-7NKr0EkLaL5fkYE56DPwqgQx1FjepvDRZ64trUgb1NgeFqLkaZThI2L33vFJzN4plVyAN5zWcov57QcZIU3bjg==",
			"dev": true,
			"license": "Artistic-2.0",
			"dependencies": {
				"editions": "^6.20.0"
			},
			"engines": {
				"node": ">=4"
			},
			"funding": {
				"url": "https://bevry.me/fund"
			}
		},
		"node_modules/version-compare": {
			"version": "3.11.0",
			"resolved": "https://registry.npmjs.org/version-compare/-/version-compare-3.11.0.tgz",
			"integrity": "sha512-sufLk/bD3oq+iLzWk8FOHfYwVIaC3NLJcvMqnggmakwNskyKyM+u8x1F8NdwjlLVgC8oYSTgB0RK68VCT6wQOg==",
			"dev": true,
			"license": "Artistic-2.0",
			"dependencies": {
				"editions": "^6.21.0"
			},
			"engines": {
				"node": ">=4"
			},
			"funding": {
				"url": "https://bevry.me/fund"
			}
		},
		"node_modules/version-range": {
			"version": "4.14.0",
			"resolved": "https://registry.npmjs.org/version-range/-/version-range-4.14.0.tgz",
			"integrity": "sha512-gjb0ARm9qlcBAonU4zPwkl9ecKkas+tC2CGwFfptTCWWIVTWY1YUbT2zZKsOAF1jR/tNxxyLwwG0cb42XlYcTg==",
			"dev": true,
			"license": "Artistic-2.0",
			"engines": {
				"node": ">=4"
			},
			"funding": {
				"url": "https://bevry.me/fund"
			}
		}
	}
}
